{
  "version": 4,
  "terraform_version": "1.10.4",
  "serial": 1,
  "lineage": "b6493a67-2213-b01a-7d07-d04118f1c291",
  "outputs": {},
  "resources": [
    {
      "mode": "managed",
      "type": "spotify_playlist",
      "name": "my_playlist",
      "provider": "provider[\"registry.terraform.io/conradludgate/spotify\"]",
      "instances": [
        {
          "schema_version": 0,
          "attributes": {
            "description": null,
            "id": "2YAVQnrNQCSaVFEO7DLYNh",
            "name": "Dream Pop",
            "public": true,
            "snapshot_id": "AAAAAmawB7dOWPn3hMOoTFnhkjqlyEPl",
            "tracks": [
              "0yc6Gst2xkRu0eMLeRMGCX"
            ]
          },
          "sensitive_attributes": [],
          "private": "bnVsbA=="
        }
      ]
    }
  ],
  "check_results": null
}
